
Microsoft Visual Studio Solution File, Format Version 12.00
# Visual Studio Version 17
VisualStudioVersion = 17.8.34525.116
MinimumVisualStudioVersion = 10.0.40219.1
Project("{FAE04EC0-301F-11D3-BF4B-00C04F79EFBC}") = "TecnoHogar", "TecnoHogar.csproj", "{BDAF3F67-4554-4886-9553-569B8C01DC69}"
EndProject
Project("{FAE04EC0-301F-11D3-BF4B-00C04F79EFBC}") = "Dominio", "..\Dominio\Dominio.csproj", "{068F2BB3-FCB0-42A9-B839-7E9C82F68BF2}"
EndProject
Project("{FAE04EC0-301F-11D3-BF4B-00C04F79EFBC}") = "Negocio", "..\Negocio\Negocio.csproj", "{5771B437-B50A-4CC0-8FFD-B2EA1BCF30CB}"
EndProject
Global
	GlobalSection(SolutionConfigurationPlatforms) = preSolution
		Debug|Any CPU = Debug|Any CPU
		Release|Any CPU = Release|Any CPU
	EndGlobalSection
	GlobalSection(ProjectConfigurationPlatforms) = postSolution
		{BDAF3F67-4554-4886-9553-569B8C01DC69}.Debug|Any CPU.ActiveCfg = Debug|Any CPU
		{BDAF3F67-4554-4886-9553-569B8C01DC69}.Debug|Any CPU.Build.0 = Debug|Any CPU
		{BDAF3F67-4554-4886-9553-569B8C01DC69}.Release|Any CPU.ActiveCfg = Release|Any CPU
		{BDAF3F67-4554-4886-9553-569B8C01DC69}.Release|Any CPU.Build.0 = Release|Any CPU
		{068F2BB3-FCB0-42A9-B839-7E9C82F68BF2}.Debug|Any CPU.ActiveCfg = Debug|Any CPU
		{068F2BB3-FCB0-42A9-B839-7E9C82F68BF2}.Debug|Any CPU.Build.0 = Debug|Any CPU
		{068F2BB3-FCB0-42A9-B839-7E9C82F68BF2}.Release|Any CPU.ActiveCfg = Release|Any CPU
		{068F2BB3-FCB0-42A9-B839-7E9C82F68BF2}.Release|Any CPU.Build.0 = Release|Any CPU
		{5771B437-B50A-4CC0-8FFD-B2EA1BCF30CB}.Debug|Any CPU.ActiveCfg = Debug|Any CPU
		{5771B437-B50A-4CC0-8FFD-B2EA1BCF30CB}.Debug|Any CPU.Build.0 = Debug|Any CPU
		{5771B437-B50A-4CC0-8FFD-B2EA1BCF30CB}.Release|Any CPU.ActiveCfg = Release|Any CPU
		{5771B437-B50A-4CC0-8FFD-B2EA1BCF30CB}.Release|Any CPU.Build.0 = Release|Any CPU
	EndGlobalSection
	GlobalSection(SolutionProperties) = preSolution
		HideSolutionNode = FALSE
	EndGlobalSection
	GlobalSection(ExtensibilityGlobals) = postSolution
		SolutionGuid = {1B95904A-3C86-4B36-979A-6E278DBB297C}
	EndGlobalSection
EndGlobal
